{
    "_meta": {
        "hash": {
            "sha256": "085323bc9244fec26eaed04726ae419044d259f60d43e72cf817048a2efd5389"
        },
        "pipfile-spec": 6,
        "requires": {
            "python_version": "3.9"
        },
        "sources": [
            {
                "name": "pypi",
                "url": "https://pypi.org/simple",
                "verify_ssl": true
            }
        ]
    },
    "default": {
        "chromedriver": {
            "hashes": [
                "sha256:b70dee664075ea9209911527af310b09b99bbc0555d897a0dd8c316af9d23daf"
            ],
            "index": "pypi",
            "version": "==2.24.1"
        },
        "robotframework": {
            "hashes": [
                "sha256:a0786a916d0572bd9d6afe26e95c6021e3df5dcafa0ece6b302e36366e58c24e",
                "sha256:a0c325e79dc6dcdaba0398db8c3afefc337799b7b36b336f04b07be4fe4a9dd2"
            ],
            "index": "pypi",
            "version": "==3.2.2"
        }
    },
    "develop": {}
}
